
Microsoft Visual Studio Solution File, Format Version 12.00
# Visual Studio Version 17
VisualStudioVersion = 17.10.35027.167
MinimumVisualStudioVersion = 10.0.40219.1
Project("{FAE04EC0-301F-11D3-BF4B-00C04F79EFBC}") = "ODETRON_AMM_SERIAL_PORT_INTERFACE", "ODETRON_AMM_SERIAL_PORT_INTERFACE.csproj", "{B449D27F-3AFB-41B8-8903-8951551C71D7}"
EndProject
Global
	GlobalSection(SolutionConfigurationPlatforms) = preSolution
		Debug|Any CPU = Debug|Any CPU
		Release|Any CPU = Release|Any CPU
	EndGlobalSection
	GlobalSection(ProjectConfigurationPlatforms) = postSolution
		{B449D27F-3AFB-41B8-8903-8951551C71D7}.Debug|Any CPU.ActiveCfg = Debug|Any CPU
		{B449D27F-3AFB-41B8-8903-8951551C71D7}.Debug|Any CPU.Build.0 = Debug|Any CPU
		{B449D27F-3AFB-41B8-8903-8951551C71D7}.Release|Any CPU.ActiveCfg = Release|Any CPU
		{B449D27F-3AFB-41B8-8903-8951551C71D7}.Release|Any CPU.Build.0 = Release|Any CPU
	EndGlobalSection
	GlobalSection(SolutionProperties) = preSolution
		HideSolutionNode = FALSE
	EndGlobalSection
	GlobalSection(ExtensibilityGlobals) = postSolution
		SolutionGuid = {1513E9BC-A514-42C1-987E-3B57E518504A}
	EndGlobalSection
EndGlobal
